
Microsoft Visual Studio Solution File, Format Version 12.00
# Visual Studio Version 17
VisualStudioVersion = 17.9.34622.214
MinimumVisualStudioVersion = 10.0.40219.1
Project("{FAE04EC0-301F-11D3-BF4B-00C04F79EFBC}") = "AppMvcFuncional", "src\AppMvcFuncional\AppMvcFuncional.csproj", "{374D3C9D-494F-4B97-903B-7DA33F55D278}"
EndProject
Global
	GlobalSection(SolutionConfigurationPlatforms) = preSolution
		Debug|Any CPU = Debug|Any CPU
		Release|Any CPU = Release|Any CPU
	EndGlobalSection
	GlobalSection(ProjectConfigurationPlatforms) = postSolution
		{374D3C9D-494F-4B97-903B-7DA33F55D278}.Debug|Any CPU.ActiveCfg = Debug|Any CPU
		{374D3C9D-494F-4B97-903B-7DA33F55D278}.Debug|Any CPU.Build.0 = Debug|Any CPU
		{374D3C9D-494F-4B97-903B-7DA33F55D278}.Release|Any CPU.ActiveCfg = Release|Any CPU
		{374D3C9D-494F-4B97-903B-7DA33F55D278}.Release|Any CPU.Build.0 = Release|Any CPU
	EndGlobalSection
	GlobalSection(SolutionProperties) = preSolution
		HideSolutionNode = FALSE
	EndGlobalSection
	GlobalSection(ExtensibilityGlobals) = postSolution
		SolutionGuid = {C1E1A20C-E66B-4D1C-826C-C2B679C706E0}
	EndGlobalSection
EndGlobal
